
Microsoft Visual Studio Solution File, Format Version 12.00
# Visual Studio Version 17
VisualStudioVersion = 17.7.34018.315
MinimumVisualStudioVersion = 10.0.40219.1
Project("{FAE04EC0-301F-11D3-BF4B-00C04F79EFBC}") = "BlazorChat.Server", "BlazorChat\Server\BlazorChat.Server.csproj", "{4036DF9A-1C63-4467-918D-E53843270EFD}"
EndProject
Project("{FAE04EC0-301F-11D3-BF4B-00C04F79EFBC}") = "BlazorChat.Client", "BlazorChat\Client\BlazorChat.Client.csproj", "{79B7DE01-B179-4961-BE78-9B4CF89BB049}"
EndProject
Project("{FAE04EC0-301F-11D3-BF4B-00C04F79EFBC}") = "BlazorChat.Shared", "BlazorChat\Shared\BlazorChat.Shared.csproj", "{6A39DCF0-A5CB-40B8-82F7-C7F98D54FAA9}"
EndProject
Global
	GlobalSection(SolutionConfigurationPlatforms) = preSolution
		Debug|Any CPU = Debug|Any CPU
		Release|Any CPU = Release|Any CPU
	EndGlobalSection
	GlobalSection(ProjectConfigurationPlatforms) = postSolution
		{4036DF9A-1C63-4467-918D-E53843270EFD}.Debug|Any CPU.ActiveCfg = Debug|Any CPU
		{4036DF9A-1C63-4467-918D-E53843270EFD}.Debug|Any CPU.Build.0 = Debug|Any CPU
		{4036DF9A-1C63-4467-918D-E53843270EFD}.Release|Any CPU.ActiveCfg = Release|Any CPU
		{4036DF9A-1C63-4467-918D-E53843270EFD}.Release|Any CPU.Build.0 = Release|Any CPU
		{79B7DE01-B179-4961-BE78-9B4CF89BB049}.Debug|Any CPU.ActiveCfg = Debug|Any CPU
		{79B7DE01-B179-4961-BE78-9B4CF89BB049}.Debug|Any CPU.Build.0 = Debug|Any CPU
		{79B7DE01-B179-4961-BE78-9B4CF89BB049}.Release|Any CPU.ActiveCfg = Release|Any CPU
		{79B7DE01-B179-4961-BE78-9B4CF89BB049}.Release|Any CPU.Build.0 = Release|Any CPU
		{6A39DCF0-A5CB-40B8-82F7-C7F98D54FAA9}.Debug|Any CPU.ActiveCfg = Debug|Any CPU
		{6A39DCF0-A5CB-40B8-82F7-C7F98D54FAA9}.Debug|Any CPU.Build.0 = Debug|Any CPU
		{6A39DCF0-A5CB-40B8-82F7-C7F98D54FAA9}.Release|Any CPU.ActiveCfg = Release|Any CPU
		{6A39DCF0-A5CB-40B8-82F7-C7F98D54FAA9}.Release|Any CPU.Build.0 = Release|Any CPU
	EndGlobalSection
	GlobalSection(SolutionProperties) = preSolution
		HideSolutionNode = FALSE
	EndGlobalSection
	GlobalSection(ExtensibilityGlobals) = postSolution
		SolutionGuid = {CC3988CA-614E-42F0-837E-9FF39095F301}
	EndGlobalSection
EndGlobal
